# @generated by Move, please check-in and do not edit manually.

[move]
version = 3
manifest_digest = "15D5EEAA38DDE20DB9A6BF05D7CAC29715555614DA1A5721A312026F13CA97C4"
deps_digest = "F8BBB0CCB2491CA29A3DF03D6F92277A4F3574266507ACD77214D37ECA3F3082"
dependencies = [
  { id = "Sui", name = "Sui" },
]

[[move.package]]
id = "MoveStdlib"
source = { git = "https://github.com/MystenLabs/sui.git", rev = "framework/testnet", subdir = "crates/sui-framework/packages/move-stdlib" }

[[move.package]]
id = "Sui"
source = { git = "https://github.com/MystenLabs/sui.git", rev = "framework/testnet", subdir = "crates/sui-framework/packages/sui-framework" }

dependencies = [
  { id = "MoveStdlib", name = "MoveStdlib" },
]

[move.toolchain-version]
compiler-version = "1.58.1"
edition = "2024.beta"
flavor = "sui"

[env]

[env.testnet]
chain-id = "4c78adac"
original-published-id = "0xeaf3bf77a34d3a0bca7cf99c4e015c8abd1633623db7457b348872c77b1536f3"
latest-published-id = "0xeaf3bf77a34d3a0bca7cf99c4e015c8abd1633623db7457b348872c77b1536f3"
published-version = "1"

[env.localnet]
chain-id = "d25508f5"
original-published-id = "0xbcfd5432d36498af36695c69ff1a6a75b9e1b33a453a06a9ae74ee5f651ff6eb"
latest-published-id = "0xbcfd5432d36498af36695c69ff1a6a75b9e1b33a453a06a9ae74ee5f651ff6eb"
published-version = "1"

[env.local]
chain-id = "4431da6b"
original-published-id = "0x52027b083aa0d72f3cd0d920603b0b2df2d9416b457dede113a6c86ea931de00"
latest-published-id = "0x52027b083aa0d72f3cd0d920603b0b2df2d9416b457dede113a6c86ea931de00"
published-version = "1"
